// !$*UTF8*$!
{
	archiveVersion = 1;
	classes = {
	};
	objectVersion = 56;
	objects = {

/* Begin PBXBuildFile section */
		A84AB5BD29956A420074A870 /* WorldClockSB.storyboard in Resources */ = {isa = PBXBuildFile; fileRef = A84AB5BB29956A420074A870 /* WorldClockSB.storyboard */; };
		A84AB5C029956A9E0074A870 /* AlarmSB.storyboard in Resources */ = {isa = PBXBuildFile; fileRef = A84AB5BF29956A9E0074A870 /* AlarmSB.storyboard */; };
		A84AB5C329956ABA0074A870 /* StopWatchSB.storyboard in Resources */ = {isa = PBXBuildFile; fileRef = A84AB5C129956ABA0074A870 /* StopWatchSB.storyboard */; };
		A84AB5C529956ACA0074A870 /* TimerSB.storyboard in Resources */ = {isa = PBXBuildFile; fileRef = A84AB5C429956ACA0074A870 /* TimerSB.storyboard */; };
		A87FB2AE2992CCE300357797 /* AppDelegate.swift in Sources */ = {isa = PBXBuildFile; fileRef = A87FB2AD2992CCE300357797 /* AppDelegate.swift */; };
		A87FB2B02992CCE300357797 /* SceneDelegate.swift in Sources */ = {isa = PBXBuildFile; fileRef = A87FB2AF2992CCE300357797 /* SceneDelegate.swift */; };
		A87FB2B22992CCE300357797 /* AlarmClockVC.swift in Sources */ = {isa = PBXBuildFile; fileRef = A87FB2B12992CCE300357797 /* AlarmClockVC.swift */; };
		A87FB2B52992CCE300357797 /* Main.storyboard in Resources */ = {isa = PBXBuildFile; fileRef = A87FB2B32992CCE300357797 /* Main.storyboard */; };
		A87FB2B72992CCE600357797 /* Assets.xcassets in Resources */ = {isa = PBXBuildFile; fileRef = A87FB2B62992CCE600357797 /* Assets.xcassets */; };
		A87FB2BA2992CCE600357797 /* LaunchScreen.storyboard in Resources */ = {isa = PBXBuildFile; fileRef = A87FB2B82992CCE600357797 /* LaunchScreen.storyboard */; };
		A87FB2C52992CCE600357797 /* Lesson_11_UITabBarController___alarm_clock___timerTests.swift in Sources */ = {isa = PBXBuildFile; fileRef = A87FB2C42992CCE600357797 /* Lesson_11_UITabBarController___alarm_clock___timerTests.swift */; };
		A87FB2CF2992CCE600357797 /* Lesson_11_UITabBarController___alarm_clock___timerUITests.swift in Sources */ = {isa = PBXBuildFile; fileRef = A87FB2CE2992CCE600357797 /* Lesson_11_UITabBarController___alarm_clock___timerUITests.swift */; };
		A87FB2D12992CCE600357797 /* Lesson_11_UITabBarController___alarm_clock___timerUITestsLaunchTests.swift in Sources */ = {isa = PBXBuildFile; fileRef = A87FB2D02992CCE600357797 /* Lesson_11_UITabBarController___alarm_clock___timerUITestsLaunchTests.swift */; };
		A87FB2DE2992CE4000357797 /* TimerVC.swift in Sources */ = {isa = PBXBuildFile; fileRef = A87FB2DD2992CE4000357797 /* TimerVC.swift */; };
		A87FB2E02995661B00357797 /* WorldClockVC.swift in Sources */ = {isa = PBXBuildFile; fileRef = A87FB2DF2995661B00357797 /* WorldClockVC.swift */; };
		A87FB2E22995665900357797 /* StopWatchVC.swift in Sources */ = {isa = PBXBuildFile; fileRef = A87FB2E12995665900357797 /* StopWatchVC.swift */; };
/* End PBXBuildFile section */

/* Begin PBXContainerItemProxy section */
		A87FB2C12992CCE600357797 /* PBXContainerItemProxy */ = {
			isa = PBXContainerItemProxy;
			containerPortal = A87FB2A22992CCE300357797 /* Project object */;
			proxyType = 1;
			remoteGlobalIDString = A87FB2A92992CCE300357797;
			remoteInfo = "Lesson 11 UITabBarController - alarm clock + timer";
		};
		A87FB2CB2992CCE600357797 /* PBXContainerItemProxy */ = {
			isa = PBXContainerItemProxy;
			containerPortal = A87FB2A22992CCE300357797 /* Project object */;
			proxyType = 1;
			remoteGlobalIDString = A87FB2A92992CCE300357797;
			remoteInfo = "Lesson 11 UITabBarController - alarm clock + timer";
		};
/* End PBXContainerItemProxy section */

/* Begin PBXFileReference section */
		A84AB5BC29956A420074A870 /* Base */ = {isa = PBXFileReference; lastKnownFileType = file.storyboard; name = Base; path = "Lesson 11 UITabBarController - alarm clock + timer/Base.lproj/WorldClockSB.storyboard"; sourceTree = "<group>"; };
		A84AB5BF29956A9E0074A870 /* AlarmSB.storyboard */ = {isa = PBXFileReference; fileEncoding = 4; lastKnownFileType = file.storyboard; path = AlarmSB.storyboard; sourceTree = "<group>"; };
		A84AB5C229956ABA0074A870 /* Base */ = {isa = PBXFileReference; lastKnownFileType = file.storyboard; name = Base; path = "Lesson 11 UITabBarController - alarm clock + timer/Base.lproj/StopWatchSB.storyboard"; sourceTree = "<group>"; };
		A84AB5C429956ACA0074A870 /* TimerSB.storyboard */ = {isa = PBXFileReference; fileEncoding = 4; lastKnownFileType = file.storyboard; path = TimerSB.storyboard; sourceTree = "<group>"; };
		A87FB2AA2992CCE300357797 /* Lesson 11 UITabBarController - alarm clock + timer.app */ = {isa = PBXFileReference; explicitFileType = wrapper.application; includeInIndex = 0; path = "Lesson 11 UITabBarController - alarm clock + timer.app"; sourceTree = BUILT_PRODUCTS_DIR; };
		A87FB2AD2992CCE300357797 /* AppDelegate.swift */ = {isa = PBXFileReference; lastKnownFileType = sourcecode.swift; path = AppDelegate.swift; sourceTree = "<group>"; };
		A87FB2AF2992CCE300357797 /* SceneDelegate.swift */ = {isa = PBXFileReference; lastKnownFileType = sourcecode.swift; path = SceneDelegate.swift; sourceTree = "<group>"; };
		A87FB2B12992CCE300357797 /* AlarmClockVC.swift */ = {isa = PBXFileReference; lastKnownFileType = sourcecode.swift; path = AlarmClockVC.swift; sourceTree = "<group>"; };
		A87FB2B42992CCE300357797 /* Base */ = {isa = PBXFileReference; lastKnownFileType = file.storyboard; name = Base; path = Base.lproj/Main.storyboard; sourceTree = "<group>"; };
		A87FB2B62992CCE600357797 /* Assets.xcassets */ = {isa = PBXFileReference; lastKnownFileType = folder.assetcatalog; path = Assets.xcassets; sourceTree = "<group>"; };
		A87FB2B92992CCE600357797 /* Base */ = {isa = PBXFileReference; lastKnownFileType = file.storyboard; name = Base; path = Base.lproj/LaunchScreen.storyboard; sourceTree = "<group>"; };
		A87FB2BB2992CCE600357797 /* Info.plist */ = {isa = PBXFileReference; lastKnownFileType = text.plist.xml; path = Info.plist; sourceTree = "<group>"; };
		A87FB2C02992CCE600357797 /* Lesson 11 UITabBarController - alarm clock + timerTests.xctest */ = {isa = PBXFileReference; explicitFileType = wrapper.cfbundle; includeInIndex = 0; path = "Lesson 11 UITabBarController - alarm clock + timerTests.xctest"; sourceTree = BUILT_PRODUCTS_DIR; };
		A87FB2C42992CCE600357797 /* Lesson_11_UITabBarController___alarm_clock___timerTests.swift */ = {isa = PBXFileReference; lastKnownFileType = sourcecode.swift; path = "Lesson_11_UITabBarController___alarm_clock___timerTests.swift"; sourceTree = "<group>"; };
		A87FB2CA2992CCE600357797 /* Lesson 11 UITabBarController - alarm clock + timerUITests.xctest */ = {isa = PBXFileReference; explicitFileType = wrapper.cfbundle; includeInIndex = 0; path = "Lesson 11 UITabBarController - alarm clock + timerUITests.xctest"; sourceTree = BUILT_PRODUCTS_DIR; };
		A87FB2CE2992CCE600357797 /* Lesson_11_UITabBarController___alarm_clock___timerUITests.swift */ = {isa = PBXFileReference; lastKnownFileType = sourcecode.swift; path = "Lesson_11_UITabBarController___alarm_clock___timerUITests.swift"; sourceTree = "<group>"; };
		A87FB2D02992CCE600357797 /* Lesson_11_UITabBarController___alarm_clock___timerUITestsLaunchTests.swift */ = {isa = PBXFileReference; lastKnownFileType = sourcecode.swift; path = "Lesson_11_UITabBarController___alarm_clock___timerUITestsLaunchTests.swift"; sourceTree = "<group>"; };
		A87FB2DD2992CE4000357797 /* TimerVC.swift */ = {isa = PBXFileReference; lastKnownFileType = sourcecode.swift; path = TimerVC.swift; sourceTree = "<group>"; };
		A87FB2DF2995661B00357797 /* WorldClockVC.swift */ = {isa = PBXFileReference; lastKnownFileType = sourcecode.swift; path = WorldClockVC.swift; sourceTree = "<group>"; };
		A87FB2E12995665900357797 /* StopWatchVC.swift */ = {isa = PBXFileReference; lastKnownFileType = sourcecode.swift; path = StopWatchVC.swift; sourceTree = "<group>"; };
/* End PBXFileReference section */

/* Begin PBXFrameworksBuildPhase section */
		A87FB2A72992CCE300357797 /* Frameworks */ = {
			isa = PBXFrameworksBuildPhase;
			buildActionMask = 2147483647;
			files = (
			);
			runOnlyForDeploymentPostprocessing = 0;
		};
		A87FB2BD2992CCE600357797 /* Frameworks */ = {
			isa = PBXFrameworksBuildPhase;
			buildActionMask = 2147483647;
			files = (
			);
			runOnlyForDeploymentPostprocessing = 0;
		};
		A87FB2C72992CCE600357797 /* Frameworks */ = {
			isa = PBXFrameworksBuildPhase;
			buildActionMask = 2147483647;
			files = (
			);
			runOnlyForDeploymentPostprocessing = 0;
		};
/* End PBXFrameworksBuildPhase section */

/* Begin PBXGroup section */
		A84AB5BE29956A750074A870 /* View Controllers */ = {
			isa = PBXGroup;
			children = (
				A87FB2DF2995661B00357797 /* WorldClockVC.swift */,
				A87FB2B12992CCE300357797 /* AlarmClockVC.swift */,
				A87FB2E12995665900357797 /* StopWatchVC.swift */,
				A87FB2DD2992CE4000357797 /* TimerVC.swift */,
			);
			path = "View Controllers";
			sourceTree = "<group>";
		};
		A84AB5C629956BC80074A870 /* Storyboards */ = {
			isa = PBXGroup;
			children = (
				A84AB5BB29956A420074A870 /* WorldClockSB.storyboard */,
				A84AB5BF29956A9E0074A870 /* AlarmSB.storyboard */,
				A84AB5C129956ABA0074A870 /* StopWatchSB.storyboard */,
				A84AB5C429956ACA0074A870 /* TimerSB.storyboard */,
			);
			path = Storyboards;
			sourceTree = "<group>";
		};
		A87FB2A12992CCE300357797 = {
			isa = PBXGroup;
			children = (
				A87FB2AC2992CCE300357797 /* Lesson 11 UITabBarController - alarm clock + timer */,
				A87FB2C32992CCE600357797 /* Lesson 11 UITabBarController - alarm clock + timerTests */,
				A87FB2CD2992CCE600357797 /* Lesson 11 UITabBarController - alarm clock + timerUITests */,
				A87FB2AB2992CCE300357797 /* Products */,
			);
			sourceTree = "<group>";
		};
		A87FB2AB2992CCE300357797 /* Products */ = {
			isa = PBXGroup;
			children = (
				A87FB2AA2992CCE300357797 /* Lesson 11 UITabBarController - alarm clock + timer.app */,
				A87FB2C02992CCE600357797 /* Lesson 11 UITabBarController - alarm clock + timerTests.xctest */,
				A87FB2CA2992CCE600357797 /* Lesson 11 UITabBarController - alarm clock + timerUITests.xctest */,
			);
			name = Products;
			sourceTree = "<group>";
		};
		A87FB2AC2992CCE300357797 /* Lesson 11 UITabBarController - alarm clock + timer */ = {
			isa = PBXGroup;
			children = (
				A87FB2AD2992CCE300357797 /* AppDelegate.swift */,
				A87FB2AF2992CCE300357797 /* SceneDelegate.swift */,
				A84AB5BE29956A750074A870 /* View Controllers */,
				A84AB5C629956BC80074A870 /* Storyboards */,
				A87FB2B32992CCE300357797 /* Main.storyboard */,
				A87FB2B62992CCE600357797 /* Assets.xcassets */,
				A87FB2B82992CCE600357797 /* LaunchScreen.storyboard */,
				A87FB2BB2992CCE600357797 /* Info.plist */,
			);
			path = "Lesson 11 UITabBarController - alarm clock + timer";
			sourceTree = "<group>";
		};
		A87FB2C32992CCE600357797 /* Lesson 11 UITabBarController - alarm clock + timerTests */ = {
			isa = PBXGroup;
			children = (
				A87FB2C42992CCE600357797 /* Lesson_11_UITabBarController___alarm_clock___timerTests.swift */,
			);
			path = "Lesson 11 UITabBarController - alarm clock + timerTests";
			sourceTree = "<group>";
		};
		A87FB2CD2992CCE600357797 /* Lesson 11 UITabBarController - alarm clock + timerUITests */ = {
			isa = PBXGroup;
			children = (
				A87FB2CE2992CCE600357797 /* Lesson_11_UITabBarController___alarm_clock___timerUITests.swift */,
				A87FB2D02992CCE600357797 /* Lesson_11_UITabBarController___alarm_clock___timerUITestsLaunchTests.swift */,
			);
			path = "Lesson 11 UITabBarController - alarm clock + timerUITests";
			sourceTree = "<group>";
		};
/* End PBXGroup section */

/* Begin PBXNativeTarget section */
		A87FB2A92992CCE300357797 /* Lesson 11 UITabBarController - alarm clock + timer */ = {
			isa = PBXNativeTarget;
			buildConfigurationList = A87FB2D42992CCE600357797 /* Build configuration list for PBXNativeTarget "Lesson 11 UITabBarController - alarm clock + timer" */;
			buildPhases = (
				A87FB2A62992CCE300357797 /* Sources */,
				A87FB2A72992CCE300357797 /* Frameworks */,
				A87FB2A82992CCE300357797 /* Resources */,
			);
			buildRules = (
			);
			dependencies = (
			);
			name = "Lesson 11 UITabBarController - alarm clock + timer";
			productName = "Lesson 11 UITabBarController - alarm clock + timer";
			productReference = A87FB2AA2992CCE300357797 /* Lesson 11 UITabBarController - alarm clock + timer.app */;
			productType = "com.apple.product-type.application";
		};
		A87FB2BF2992CCE600357797 /* Lesson 11 UITabBarController - alarm clock + timerTests */ = {
			isa = PBXNativeTarget;
			buildConfigurationList = A87FB2D72992CCE600357797 /* Build configuration list for PBXNativeTarget "Lesson 11 UITabBarController - alarm clock + timerTests" */;
			buildPhases = (
				A87FB2BC2992CCE600357797 /* Sources */,
				A87FB2BD2992CCE600357797 /* Frameworks */,
				A87FB2BE2992CCE600357797 /* Resources */,
			);
			buildRules = (
			);
			dependencies = (
				A87FB2C22992CCE600357797 /* PBXTargetDependency */,
			);
			name = "Lesson 11 UITabBarController - alarm clock + timerTests";
			productName = "Lesson 11 UITabBarController - alarm clock + timerTests";
			productReference = A87FB2C02992CCE600357797 /* Lesson 11 UITabBarController - alarm clock + timerTests.xctest */;
			productType = "com.apple.product-type.bundle.unit-test";
		};
		A87FB2C92992CCE600357797 /* Lesson 11 UITabBarController - alarm clock + timerUITests */ = {
			isa = PBXNativeTarget;
			buildConfigurationList = A87FB2DA2992CCE600357797 /* Build configuration list for PBXNativeTarget "Lesson 11 UITabBarController - alarm clock + timerUITests" */;
			buildPhases = (
				A87FB2C62992CCE600357797 /* Sources */,
				A87FB2C72992CCE600357797 /* Frameworks */,
				A87FB2C82992CCE600357797 /* Resources */,
			);
			buildRules = (
			);
			dependencies = (
				A87FB2CC2992CCE600357797 /* PBXTargetDependency */,
			);
			name = "Lesson 11 UITabBarController - alarm clock + timerUITests";
			productName = "Lesson 11 UITabBarController - alarm clock + timerUITests";
			productReference = A87FB2CA2992CCE600357797 /* Lesson 11 UITabBarController - alarm clock + timerUITests.xctest */;
			productType = "com.apple.product-type.bundle.ui-testing";
		};
/* End PBXNativeTarget section */

/* Begin PBXProject section */
		A87FB2A22992CCE300357797 /* Project object */ = {
			isa = PBXProject;
			attributes = {
				BuildIndependentTargetsInParallel = 1;
				LastSwiftUpdateCheck = 1410;
				LastUpgradeCheck = 1410;
				TargetAttributes = {
					A87FB2A92992CCE300357797 = {
						CreatedOnToolsVersion = 14.1;
					};
					A87FB2BF2992CCE600357797 = {
						CreatedOnToolsVersion = 14.1;
						TestTargetID = A87FB2A92992CCE300357797;
					};
					A87FB2C92992CCE600357797 = {
						CreatedOnToolsVersion = 14.1;
						TestTargetID = A87FB2A92992CCE300357797;
					};
				};
			};
			buildConfigurationList = A87FB2A52992CCE300357797 /* Build configuration list for PBXProject "Lesson 11 UITabBarController - alarm clock + timer" */;
			compatibilityVersion = "Xcode 14.0";
			developmentRegion = en;
			hasScannedForEncodings = 0;
			knownRegions = (
				en,
				Base,
			);
			mainGroup = A87FB2A12992CCE300357797;
			productRefGroup = A87FB2AB2992CCE300357797 /* Products */;
			projectDirPath = "";
			projectRoot = "";
			targets = (
				A87FB2A92992CCE300357797 /* Lesson 11 UITabBarController - alarm clock + timer */,
				A87FB2BF2992CCE600357797 /* Lesson 11 UITabBarController - alarm clock + timerTests */,
				A87FB2C92992CCE600357797 /* Lesson 11 UITabBarController - alarm clock + timerUITests */,
			);
		};
/* End PBXProject section */

/* Begin PBXResourcesBuildPhase section */
		A87FB2A82992CCE300357797 /* Resources */ = {
			isa = PBXResourcesBuildPhase;
			buildActionMask = 2147483647;
			files = (
				A84AB5C029956A9E0074A870 /* AlarmSB.storyboard in Resources */,
				A87FB2BA2992CCE600357797 /* LaunchScreen.storyboard in Resources */,
				A84AB5C529956ACA0074A870 /* TimerSB.storyboard in Resources */,
				A87FB2B72992CCE600357797 /* Assets.xcassets in Resources */,
				A84AB5C329956ABA0074A870 /* StopWatchSB.storyboard in Resources */,
				A87FB2B52992CCE300357797 /* Main.storyboard in Resources */,
				A84AB5BD29956A420074A870 /* WorldClockSB.storyboard in Resources */,
			);
			runOnlyForDeploymentPostprocessing = 0;
		};
		A87FB2BE2992CCE600357797 /* Resources */ = {
			isa = PBXResourcesBuildPhase;
			buildActionMask = 2147483647;
			files = (
			);
			runOnlyForDeploymentPostprocessing = 0;
		};
		A87FB2C82992CCE600357797 /* Resources */ = {
			isa = PBXResourcesBuildPhase;
			buildActionMask = 2147483647;
			files = (
			);
			runOnlyForDeploymentPostprocessing = 0;
		};
/* End PBXResourcesBuildPhase section */

/* Begin PBXSourcesBuildPhase section */
		A87FB2A62992CCE300357797 /* Sources */ = {
			isa = PBXSourcesBuildPhase;
			buildActionMask = 2147483647;
			files = (
				A87FB2E22995665900357797 /* StopWatchVC.swift in Sources */,
				A87FB2B22992CCE300357797 /* AlarmClockVC.swift in Sources */,
				A87FB2E02995661B00357797 /* WorldClockVC.swift in Sources */,
				A87FB2AE2992CCE300357797 /* AppDelegate.swift in Sources */,
				A87FB2DE2992CE4000357797 /* TimerVC.swift in Sources */,
				A87FB2B02992CCE300357797 /* SceneDelegate.swift in Sources */,
			);
			runOnlyForDeploymentPostprocessing = 0;
		};
		A87FB2BC2992CCE600357797 /* Sources */ = {
			isa = PBXSourcesBuildPhase;
			buildActionMask = 2147483647;
			files = (
				A87FB2C52992CCE600357797 /* Lesson_11_UITabBarController___alarm_clock___timerTests.swift in Sources */,
			);
			runOnlyForDeploymentPostprocessing = 0;
		};
		A87FB2C62992CCE600357797 /* Sources */ = {
			isa = PBXSourcesBuildPhase;
			buildActionMask = 2147483647;
			files = (
				A87FB2CF2992CCE600357797 /* Lesson_11_UITabBarController___alarm_clock___timerUITests.swift in Sources */,
				A87FB2D12992CCE600357797 /* Lesson_11_UITabBarController___alarm_clock___timerUITestsLaunchTests.swift in Sources */,
			);
			runOnlyForDeploymentPostprocessing = 0;
		};
/* End PBXSourcesBuildPhase section */

/* Begin PBXTargetDependency section */
		A87FB2C22992CCE600357797 /* PBXTargetDependency */ = {
			isa = PBXTargetDependency;
			target = A87FB2A92992CCE300357797 /* Lesson 11 UITabBarController - alarm clock + timer */;
			targetProxy = A87FB2C12992CCE600357797 /* PBXContainerItemProxy */;
		};
		A87FB2CC2992CCE600357797 /* PBXTargetDependency */ = {
			isa = PBXTargetDependency;
			target = A87FB2A92992CCE300357797 /* Lesson 11 UITabBarController - alarm clock + timer */;
			targetProxy = A87FB2CB2992CCE600357797 /* PBXContainerItemProxy */;
		};
/* End PBXTargetDependency section */

/* Begin PBXVariantGroup section */
		A84AB5BB29956A420074A870 /* WorldClockSB.storyboard */ = {
			isa = PBXVariantGroup;
			children = (
				A84AB5BC29956A420074A870 /* Base */,
			);
			name = WorldClockSB.storyboard;
			sourceTree = "<group>";
		};
		A84AB5C129956ABA0074A870 /* StopWatchSB.storyboard */ = {
			isa = PBXVariantGroup;
			children = (
				A84AB5C229956ABA0074A870 /* Base */,
			);
			name = StopWatchSB.storyboard;
			sourceTree = "<group>";
		};
		A87FB2B32992CCE300357797 /* Main.storyboard */ = {
			isa = PBXVariantGroup;
			children = (
				A87FB2B42992CCE300357797 /* Base */,
			);
			name = Main.storyboard;
			sourceTree = "<group>";
		};
		A87FB2B82992CCE600357797 /* LaunchScreen.storyboard */ = {
			isa = PBXVariantGroup;
			children = (
				A87FB2B92992CCE600357797 /* Base */,
			);
			name = LaunchScreen.storyboard;
			sourceTree = "<group>";
		};
/* End PBXVariantGroup section */

/* Begin XCBuildConfiguration section */
		A87FB2D22992CCE600357797 /* Debug */ = {
			isa = XCBuildConfiguration;
			buildSettings = {
				ALWAYS_SEARCH_USER_PATHS = NO;
				CLANG_ANALYZER_NONNULL = YES;
				CLANG_ANALYZER_NUMBER_OBJECT_CONVERSION = YES_AGGRESSIVE;
				CLANG_CXX_LANGUAGE_STANDARD = "gnu++20";
				CLANG_ENABLE_MODULES = YES;
				CLANG_ENABLE_OBJC_ARC = YES;
				CLANG_ENABLE_OBJC_WEAK = YES;
				CLANG_WARN_BLOCK_CAPTURE_AUTORELEASING = YES;
				CLANG_WARN_BOOL_CONVERSION = YES;
				CLANG_WARN_COMMA = YES;
				CLANG_WARN_CONSTANT_CONVERSION = YES;
				CLANG_WARN_DEPRECATED_OBJC_IMPLEMENTATIONS = YES;
				CLANG_WARN_DIRECT_OBJC_ISA_USAGE = YES_ERROR;
				CLANG_WARN_DOCUMENTATION_COMMENTS = YES;
				CLANG_WARN_EMPTY_BODY = YES;
				CLANG_WARN_ENUM_CONVERSION = YES;
				CLANG_WARN_INFINITE_RECURSION = YES;
				CLANG_WARN_INT_CONVERSION = YES;
				CLANG_WARN_NON_LITERAL_NULL_CONVERSION = YES;
				CLANG_WARN_OBJC_IMPLICIT_RETAIN_SELF = YES;
				CLANG_WARN_OBJC_LITERAL_CONVERSION = YES;
				CLANG_WARN_OBJC_ROOT_CLASS = YES_ERROR;
				CLANG_WARN_QUOTED_INCLUDE_IN_FRAMEWORK_HEADER = YES;
				CLANG_WARN_RANGE_LOOP_ANALYSIS = YES;
				CLANG_WARN_STRICT_PROTOTYPES = YES;
				CLANG_WARN_SUSPICIOUS_MOVE = YES;
				CLANG_WARN_UNGUARDED_AVAILABILITY = YES_AGGRESSIVE;
				CLANG_WARN_UNREACHABLE_CODE = YES;
				CLANG_WARN__DUPLICATE_METHOD_MATCH = YES;
				COPY_PHASE_STRIP = NO;
				DEBUG_INFORMATION_FORMAT = dwarf;
				ENABLE_STRICT_OBJC_MSGSEND = YES;
				ENABLE_TESTABILITY = YES;
				GCC_C_LANGUAGE_STANDARD = gnu11;
				GCC_DYNAMIC_NO_PIC = NO;
				GCC_NO_COMMON_BLOCKS = YES;
				GCC_OPTIMIZATION_LEVEL = 0;
				GCC_PREPROCESSOR_DEFINITIONS = (
					"DEBUG=1",
					"$(inherited)",
				);
				GCC_WARN_64_TO_32_BIT_CONVERSION = YES;
				GCC_WARN_ABOUT_RETURN_TYPE = YES_ERROR;
				GCC_WARN_UNDECLARED_SELECTOR = YES;
				GCC_WARN_UNINITIALIZED_AUTOS = YES_AGGRESSIVE;
				GCC_WARN_UNUSED_FUNCTION = YES;
				GCC_WARN_UNUSED_VARIABLE = YES;
				IPHONEOS_DEPLOYMENT_TARGET = 16.1;
				MTL_ENABLE_DEBUG_INFO = INCLUDE_SOURCE;
				MTL_FAST_MATH = YES;
				ONLY_ACTIVE_ARCH = YES;
				SDKROOT = iphoneos;
				SWIFT_ACTIVE_COMPILATION_CONDITIONS = DEBUG;
				SWIFT_OPTIMIZATION_LEVEL = "-Onone";
			};
			name = Debug;
		};
		A87FB2D32992CCE600357797 /* Release */ = {
			isa = XCBuildConfiguration;
			buildSettings = {
				ALWAYS_SEARCH_USER_PATHS = NO;
				CLANG_ANALYZER_NONNULL = YES;
				CLANG_ANALYZER_NUMBER_OBJECT_CONVERSION = YES_AGGRESSIVE;
				CLANG_CXX_LANGUAGE_STANDARD = "gnu++20";
				CLANG_ENABLE_MODULES = YES;
				CLANG_ENABLE_OBJC_ARC = YES;
				CLANG_ENABLE_OBJC_WEAK = YES;
				CLANG_WARN_BLOCK_CAPTURE_AUTORELEASING = YES;
				CLANG_WARN_BOOL_CONVERSION = YES;
				CLANG_WARN_COMMA = YES;
				CLANG_WARN_CONSTANT_CONVERSION = YES;
				CLANG_WARN_DEPRECATED_OBJC_IMPLEMENTATIONS = YES;
				CLANG_WARN_DIRECT_OBJC_ISA_USAGE = YES_ERROR;
				CLANG_WARN_DOCUMENTATION_COMMENTS = YES;
				CLANG_WARN_EMPTY_BODY = YES;
				CLANG_WARN_ENUM_CONVERSION = YES;
				CLANG_WARN_INFINITE_RECURSION = YES;
				CLANG_WARN_INT_CONVERSION = YES;
				CLANG_WARN_NON_LITERAL_NULL_CONVERSION = YES;
				CLANG_WARN_OBJC_IMPLICIT_RETAIN_SELF = YES;
				CLANG_WARN_OBJC_LITERAL_CONVERSION = YES;
				CLANG_WARN_OBJC_ROOT_CLASS = YES_ERROR;
				CLANG_WARN_QUOTED_INCLUDE_IN_FRAMEWORK_HEADER = YES;
				CLANG_WARN_RANGE_LOOP_ANALYSIS = YES;
				CLANG_WARN_STRICT_PROTOTYPES = YES;
				CLANG_WARN_SUSPICIOUS_MOVE = YES;
				CLANG_WARN_UNGUARDED_AVAILABILITY = YES_AGGRESSIVE;
				CLANG_WARN_UNREACHABLE_CODE = YES;
				CLANG_WARN__DUPLICATE_METHOD_MATCH = YES;
				COPY_PHASE_STRIP = NO;
				DEBUG_INFORMATION_FORMAT = "dwarf-with-dsym";
				ENABLE_NS_ASSERTIONS = NO;
				ENABLE_STRICT_OBJC_MSGSEND = YES;
				GCC_C_LANGUAGE_STANDARD = gnu11;
				GCC_NO_COMMON_BLOCKS = YES;
				GCC_WARN_64_TO_32_BIT_CONVERSION = YES;
				GCC_WARN_ABOUT_RETURN_TYPE = YES_ERROR;
				GCC_WARN_UNDECLARED_SELECTOR = YES;
				GCC_WARN_UNINITIALIZED_AUTOS = YES_AGGRESSIVE;
				GCC_WARN_UNUSED_FUNCTION = YES;
				GCC_WARN_UNUSED_VARIABLE = YES;
				IPHONEOS_DEPLOYMENT_TARGET = 16.1;
				MTL_ENABLE_DEBUG_INFO = NO;
				MTL_FAST_MATH = YES;
				SDKROOT = iphoneos;
				SWIFT_COMPILATION_MODE = wholemodule;
				SWIFT_OPTIMIZATION_LEVEL = "-O";
				VALIDATE_PRODUCT = YES;
			};
			name = Release;
		};
		A87FB2D52992CCE600357797 /* Debug */ = {
			isa = XCBuildConfiguration;
			buildSettings = {
				ASSETCATALOG_COMPILER_APPICON_NAME = AppIcon;
				ASSETCATALOG_COMPILER_GLOBAL_ACCENT_COLOR_NAME = AccentColor;
				CODE_SIGN_STYLE = Automatic;
				CURRENT_PROJECT_VERSION = 1;
				DEVELOPMENT_TEAM = 57P42A66UA;
				GENERATE_INFOPLIST_FILE = YES;
				INFOPLIST_FILE = "Lesson 11 UITabBarController - alarm clock + timer/Info.plist";
				INFOPLIST_KEY_UIApplicationSupportsIndirectInputEvents = YES;
				INFOPLIST_KEY_UILaunchStoryboardName = LaunchScreen;
				INFOPLIST_KEY_UIMainStoryboardFile = Main;
				INFOPLIST_KEY_UISupportedInterfaceOrientations_iPad = "UIInterfaceOrientationPortrait UIInterfaceOrientationPortraitUpsideDown UIInterfaceOrientationLandscapeLeft UIInterfaceOrientationLandscapeRight";
				INFOPLIST_KEY_UISupportedInterfaceOrientations_iPhone = "UIInterfaceOrientationPortrait UIInterfaceOrientationLandscapeLeft UIInterfaceOrientationLandscapeRight";
				LD_RUNPATH_SEARCH_PATHS = (
					"$(inherited)",
					"@executable_path/Frameworks",
				);
				MARKETING_VERSION = 1.0;
				PRODUCT_BUNDLE_IDENTIFIER = "-.Lesson-11-UITabBarController---alarm-clock---timer";
				PRODUCT_NAME = "$(TARGET_NAME)";
				SUPPORTED_PLATFORMS = "iphoneos iphonesimulator";
				SUPPORTS_MACCATALYST = NO;
				SUPPORTS_MAC_DESIGNED_FOR_IPHONE_IPAD = NO;
				SWIFT_EMIT_LOC_STRINGS = YES;
				SWIFT_VERSION = 5.0;
				TARGETED_DEVICE_FAMILY = 1;
			};
			name = Debug;
		};
		A87FB2D62992CCE600357797 /* Release */ = {
			isa = XCBuildConfiguration;
			buildSettings = {
				ASSETCATALOG_COMPILER_APPICON_NAME = AppIcon;
				ASSETCATALOG_COMPILER_GLOBAL_ACCENT_COLOR_NAME = AccentColor;
				CODE_SIGN_STYLE = Automatic;
				CURRENT_PROJECT_VERSION = 1;
				DEVELOPMENT_TEAM = 57P42A66UA;
				GENERATE_INFOPLIST_FILE = YES;
				INFOPLIST_FILE = "Lesson 11 UITabBarController - alarm clock + timer/Info.plist";
				INFOPLIST_KEY_UIApplicationSupportsIndirectInputEvents = YES;
				INFOPLIST_KEY_UILaunchStoryboardName = LaunchScreen;
				INFOPLIST_KEY_UIMainStoryboardFile = Main;
				INFOPLIST_KEY_UISupportedInterfaceOrientations_iPad = "UIInterfaceOrientationPortrait UIInterfaceOrientationPortraitUpsideDown UIInterfaceOrientationLandscapeLeft UIInterfaceOrientationLandscapeRight";
				INFOPLIST_KEY_UISupportedInterfaceOrientations_iPhone = "UIInterfaceOrientationPortrait UIInterfaceOrientationLandscapeLeft UIInterfaceOrientationLandscapeRight";
				LD_RUNPATH_SEARCH_PATHS = (
					"$(inherited)",
					"@executable_path/Frameworks",
				);
				MARKETING_VERSION = 1.0;
				PRODUCT_BUNDLE_IDENTIFIER = "-.Lesson-11-UITabBarController---alarm-clock---timer";
				PRODUCT_NAME = "$(TARGET_NAME)";
				SUPPORTED_PLATFORMS = "iphoneos iphonesimulator";
				SUPPORTS_MACCATALYST = NO;
				SUPPORTS_MAC_DESIGNED_FOR_IPHONE_IPAD = NO;
				SWIFT_EMIT_LOC_STRINGS = YES;
				SWIFT_VERSION = 5.0;
				TARGETED_DEVICE_FAMILY = 1;
			};
			name = Release;
		};
		A87FB2D82992CCE600357797 /* Debug */ = {
			isa = XCBuildConfiguration;
			buildSettings = {
				ALWAYS_EMBED_SWIFT_STANDARD_LIBRARIES = YES;
				BUNDLE_LOADER = "$(TEST_HOST)";
				CODE_SIGN_STYLE = Automatic;
				CURRENT_PROJECT_VERSION = 1;
				DEVELOPMENT_TEAM = 57P42A66UA;
				GENERATE_INFOPLIST_FILE = YES;
				IPHONEOS_DEPLOYMENT_TARGET = 16.1;
				MARKETING_VERSION = 1.0;
				PRODUCT_BUNDLE_IDENTIFIER = "-.Lesson-11-UITabBarController---alarm-clock---timerTests";
				PRODUCT_NAME = "$(TARGET_NAME)";
				SWIFT_EMIT_LOC_STRINGS = NO;
				SWIFT_VERSION = 5.0;
				TARGETED_DEVICE_FAMILY = "1,2";
				TEST_HOST = "$(BUILT_PRODUCTS_DIR)/Lesson 11 UITabBarController - alarm clock + timer.app/$(BUNDLE_EXECUTABLE_FOLDER_PATH)/Lesson 11 UITabBarController - alarm clock + timer";
			};
			name = Debug;
		};
		A87FB2D92992CCE600357797 /* Release */ = {
			isa = XCBuildConfiguration;
			buildSettings = {
				ALWAYS_EMBED_SWIFT_STANDARD_LIBRARIES = YES;
				BUNDLE_LOADER = "$(TEST_HOST)";
				CODE_SIGN_STYLE = Automatic;
				CURRENT_PROJECT_VERSION = 1;
				DEVELOPMENT_TEAM = 57P42A66UA;
				GENERATE_INFOPLIST_FILE = YES;
				IPHONEOS_DEPLOYMENT_TARGET = 16.1;
				MARKETING_VERSION = 1.0;
				PRODUCT_BUNDLE_IDENTIFIER = "-.Lesson-11-UITabBarController---alarm-clock---timerTests";
				PRODUCT_NAME = "$(TARGET_NAME)";
				SWIFT_EMIT_LOC_STRINGS = NO;
				SWIFT_VERSION = 5.0;
				TARGETED_DEVICE_FAMILY = "1,2";
				TEST_HOST = "$(BUILT_PRODUCTS_DIR)/Lesson 11 UITabBarController - alarm clock + timer.app/$(BUNDLE_EXECUTABLE_FOLDER_PATH)/Lesson 11 UITabBarController - alarm clock + timer";
			};
			name = Release;
		};
		A87FB2DB2992CCE600357797 /* Debug */ = {
			isa = XCBuildConfiguration;
			buildSettings = {
				ALWAYS_EMBED_SWIFT_STANDARD_LIBRARIES = YES;
				CODE_SIGN_STYLE = Automatic;
				CURRENT_PROJECT_VERSION = 1;
				DEVELOPMENT_TEAM = 57P42A66UA;
				GENERATE_INFOPLIST_FILE = YES;
				MARKETING_VERSION = 1.0;
				PRODUCT_BUNDLE_IDENTIFIER = "-.Lesson-11-UITabBarController---alarm-clock---timerUITests";
				PRODUCT_NAME = "$(TARGET_NAME)";
				SWIFT_EMIT_LOC_STRINGS = NO;
				SWIFT_VERSION = 5.0;
				TARGETED_DEVICE_FAMILY = "1,2";
				TEST_TARGET_NAME = "Lesson 11 UITabBarController - alarm clock + timer";
			};
			name = Debug;
		};
		A87FB2DC2992CCE600357797 /* Release */ = {
			isa = XCBuildConfiguration;
			buildSettings = {
				ALWAYS_EMBED_SWIFT_STANDARD_LIBRARIES = YES;
				CODE_SIGN_STYLE = Automatic;
				CURRENT_PROJECT_VERSION = 1;
				DEVELOPMENT_TEAM = 57P42A66UA;
				GENERATE_INFOPLIST_FILE = YES;
				MARKETING_VERSION = 1.0;
				PRODUCT_BUNDLE_IDENTIFIER = "-.Lesson-11-UITabBarController---alarm-clock---timerUITests";
				PRODUCT_NAME = "$(TARGET_NAME)";
				SWIFT_EMIT_LOC_STRINGS = NO;
				SWIFT_VERSION = 5.0;
				TARGETED_DEVICE_FAMILY = "1,2";
				TEST_TARGET_NAME = "Lesson 11 UITabBarController - alarm clock + timer";
			};
			name = Release;
		};
/* End XCBuildConfiguration section */

/* Begin XCConfigurationList section */
		A87FB2A52992CCE300357797 /* Build configuration list for PBXProject "Lesson 11 UITabBarController - alarm clock + timer" */ = {
			isa = XCConfigurationList;
			buildConfigurations = (
				A87FB2D22992CCE600357797 /* Debug */,
				A87FB2D32992CCE600357797 /* Release */,
			);
			defaultConfigurationIsVisible = 0;
			defaultConfigurationName = Release;
		};
		A87FB2D42992CCE600357797 /* Build configuration list for PBXNativeTarget "Lesson 11 UITabBarController - alarm clock + timer" */ = {
			isa = XCConfigurationList;
			buildConfigurations = (
				A87FB2D52992CCE600357797 /* Debug */,
				A87FB2D62992CCE600357797 /* Release */,
			);
			defaultConfigurationIsVisible = 0;
			defaultConfigurationName = Release;
		};
		A87FB2D72992CCE600357797 /* Build configuration list for PBXNativeTarget "Lesson 11 UITabBarController - alarm clock + timerTests" */ = {
			isa = XCConfigurationList;
			buildConfigurations = (
				A87FB2D82992CCE600357797 /* Debug */,
				A87FB2D92992CCE600357797 /* Release */,
			);
			defaultConfigurationIsVisible = 0;
			defaultConfigurationName = Release;
		};
		A87FB2DA2992CCE600357797 /* Build configuration list for PBXNativeTarget "Lesson 11 UITabBarController - alarm clock + timerUITests" */ = {
			isa = XCConfigurationList;
			buildConfigurations = (
				A87FB2DB2992CCE600357797 /* Debug */,
				A87FB2DC2992CCE600357797 /* Release */,
			);
			defaultConfigurationIsVisible = 0;
			defaultConfigurationName = Release;
		};
/* End XCConfigurationList section */
	};
	rootObject = A87FB2A22992CCE300357797 /* Project object */;
}
